
Microsoft Visual Studio Solution File, Format Version 12.00
Project("{2150E333-8FDC-42A3-9474-1A3956D46DE8}") = "Services", "Services", "{9D882751-D83B-42E6-8495-B73959AA4531}"
EndProject
Project("{2150E333-8FDC-42A3-9474-1A3956D46DE8}") = "WebApps", "WebApps", "{98B5DC68-8CEF-4441-BD83-E39D9192BF2F}"
EndProject
Project("{2150E333-8FDC-42A3-9474-1A3956D46DE8}") = "Cadastros", "Cadastros", "{9C0E3788-783F-46F5-99CB-B74944B1A09F}"
EndProject
Project("{2150E333-8FDC-42A3-9474-1A3956D46DE8}") = "Catalogo", "Catalogo", "{9AFABA96-6CDA-4D7C-9BB0-D9522EB6CA00}"
EndProject
Project("{2150E333-8FDC-42A3-9474-1A3956D46DE8}") = "Core", "Core", "{C8A0392F-5CF3-4017-973C-DA5C6FF539A0}"
EndProject
Project("{2150E333-8FDC-42A3-9474-1A3956D46DE8}") = "Fiscal", "Fiscal", "{265EF29C-2C95-427F-8C67-95E60D5753D9}"
EndProject
Project("{2150E333-8FDC-42A3-9474-1A3956D46DE8}") = "Pagamentos", "Pagamentos", "{F9384EED-E428-4694-8392-C01EFBA862F3}"
EndProject
Project("{2150E333-8FDC-42A3-9474-1A3956D46DE8}") = "Vendas", "Vendas", "{A294BD27-E0EC-4311-A05F-D77B098AFE06}"
EndProject
Project("{FAE04EC0-301F-11D3-BF4B-00C04F79EFBC}") = "NerdStore.Catalogo.Domain", "src\NerdStore.Catalogo.Domain\NerdStore.Catalogo.Domain.csproj", "{960DF551-CA3D-453C-8D35-5C2B0AE15BBF}"
EndProject
Project("{FAE04EC0-301F-11D3-BF4B-00C04F79EFBC}") = "NerdStore.Core", "src\NerdStore.Core\NerdStore.Core.csproj", "{AEDBF4C3-A0AF-4AEA-9A47-65ECC705D6FB}"
EndProject
Global
	GlobalSection(SolutionConfigurationPlatforms) = preSolution
		Debug|Any CPU = Debug|Any CPU
		Release|Any CPU = Release|Any CPU
	EndGlobalSection
	GlobalSection(NestedProjects) = preSolution
		{9C0E3788-783F-46F5-99CB-B74944B1A09F} = {9D882751-D83B-42E6-8495-B73959AA4531}
		{9AFABA96-6CDA-4D7C-9BB0-D9522EB6CA00} = {9D882751-D83B-42E6-8495-B73959AA4531}
		{C8A0392F-5CF3-4017-973C-DA5C6FF539A0} = {9D882751-D83B-42E6-8495-B73959AA4531}
		{265EF29C-2C95-427F-8C67-95E60D5753D9} = {9D882751-D83B-42E6-8495-B73959AA4531}
		{F9384EED-E428-4694-8392-C01EFBA862F3} = {9D882751-D83B-42E6-8495-B73959AA4531}
		{A294BD27-E0EC-4311-A05F-D77B098AFE06} = {9D882751-D83B-42E6-8495-B73959AA4531}
		{960DF551-CA3D-453C-8D35-5C2B0AE15BBF} = {9AFABA96-6CDA-4D7C-9BB0-D9522EB6CA00}
		{AEDBF4C3-A0AF-4AEA-9A47-65ECC705D6FB} = {C8A0392F-5CF3-4017-973C-DA5C6FF539A0}
	EndGlobalSection
	GlobalSection(ProjectConfigurationPlatforms) = postSolution
		{960DF551-CA3D-453C-8D35-5C2B0AE15BBF}.Debug|Any CPU.ActiveCfg = Debug|Any CPU
		{960DF551-CA3D-453C-8D35-5C2B0AE15BBF}.Debug|Any CPU.Build.0 = Debug|Any CPU
		{960DF551-CA3D-453C-8D35-5C2B0AE15BBF}.Release|Any CPU.ActiveCfg = Release|Any CPU
		{960DF551-CA3D-453C-8D35-5C2B0AE15BBF}.Release|Any CPU.Build.0 = Release|Any CPU
		{AEDBF4C3-A0AF-4AEA-9A47-65ECC705D6FB}.Debug|Any CPU.ActiveCfg = Debug|Any CPU
		{AEDBF4C3-A0AF-4AEA-9A47-65ECC705D6FB}.Debug|Any CPU.Build.0 = Debug|Any CPU
		{AEDBF4C3-A0AF-4AEA-9A47-65ECC705D6FB}.Release|Any CPU.ActiveCfg = Release|Any CPU
		{AEDBF4C3-A0AF-4AEA-9A47-65ECC705D6FB}.Release|Any CPU.Build.0 = Release|Any CPU
	EndGlobalSection
EndGlobal
